
Microsoft Visual Studio Solution File, Format Version 12.00
# Visual Studio Version 16
VisualStudioVersion = 16.6.30114.105
MinimumVisualStudioVersion = 10.0.40219.1
Project("{9A19103F-16F7-4668-BE54-9A1E7A4F7556}") = "Beer.DaAPI.Shared", "..\Shared\Beer.DaAPI.Shared.csproj", "{E09ACDDA-6A07-4A67-A52F-1CD58EF86E1E}"
EndProject
Project("{9A19103F-16F7-4668-BE54-9A1E7A4F7556}") = "Beer.DaAPI.Service.API", "Beer.DaAPI.Service.API\Beer.DaAPI.Service.API.csproj", "{0743AF50-CD56-471B-9057-459D7BF7EDFC}"
EndProject
Project("{9A19103F-16F7-4668-BE54-9A1E7A4F7556}") = "Beer.DaAPI.Service.Core", "Beer.DaAPI.Service.Core\Beer.DaAPI.Service.Core.csproj", "{3CC3494D-48FA-436C-8781-9E63FED6CB0C}"
EndProject
Project("{9A19103F-16F7-4668-BE54-9A1E7A4F7556}") = "Beer.DaAPI.Service.Infrastructure", "Beer.DaAPI.Service.Infrastructure\Beer.DaAPI.Service.Infrastructure.csproj", "{7DB7911F-495B-4EEA-A15D-4CBDA60A68F9}"
EndProject
Project("{9A19103F-16F7-4668-BE54-9A1E7A4F7556}") = "Beer.DaAPI.Service.UnitTests", "Beer.DaAPI.Service.UnitTests\Beer.DaAPI.Service.UnitTests.csproj", "{8CA87D77-3D00-4D73-91FB-96196816F7A0}"
EndProject
Project("{9A19103F-16F7-4668-BE54-9A1E7A4F7556}") = "Beer.DaAPI.Service.TestHelper", "Beer.DaAPI.Service.TestHelper\Beer.DaAPI.Service.TestHelper.csproj", "{1877FF62-65DB-471D-B7FC-E693A4E26C6C}"
EndProject
Project("{9A19103F-16F7-4668-BE54-9A1E7A4F7556}") = "Beer.DaAPI.Service.IntegrationTests", "Beer.DaAPI.Service.IntegrationTests\Beer.DaAPI.Service.IntegrationTests.csproj", "{CAECB974-D933-4E5A-A206-7AE80891D3A1}"
EndProject
Project("{9A19103F-16F7-4668-BE54-9A1E7A4F7556}") = "Beer.TestHelper", "..\..\Helper\Beer.TestHelper\Beer.TestHelper.csproj", "{FD05AB3E-CE85-4B08-AE04-0A9ACA6873A5}"
EndProject
Project("{9A19103F-16F7-4668-BE54-9A1E7A4F7556}") = "Beer.Helper.API", "..\..\Helper\Beer.Helper.API\Beer.Helper.API.csproj", "{60095534-5FE3-45DF-A6A9-68DB8F678459}"
EndProject
Project("{2150E333-8FDC-42A3-9474-1A3956D46DE8}") = "Services", "Services", "{454613EC-C65A-4D15-A139-6F2A4FD7D1BF}"
EndProject
Project("{2150E333-8FDC-42A3-9474-1A3956D46DE8}") = "Tests", "Tests", "{06F40D81-8683-4BC3-A8DB-3FBCB6FAEC71}"
EndProject
Project("{2150E333-8FDC-42A3-9474-1A3956D46DE8}") = "Utility", "Utility", "{715DA25A-085F-44E4-AA7D-D1E6B1E44681}"
EndProject
Global
	GlobalSection(SolutionConfigurationPlatforms) = preSolution
		Debug|Any CPU = Debug|Any CPU
		Debug|x64 = Debug|x64
		Debug|x86 = Debug|x86
		Release|Any CPU = Release|Any CPU
		Release|x64 = Release|x64
		Release|x86 = Release|x86
	EndGlobalSection
	GlobalSection(ProjectConfigurationPlatforms) = postSolution
		{E09ACDDA-6A07-4A67-A52F-1CD58EF86E1E}.Debug|Any CPU.ActiveCfg = Debug|Any CPU
		{E09ACDDA-6A07-4A67-A52F-1CD58EF86E1E}.Debug|Any CPU.Build.0 = Debug|Any CPU
		{E09ACDDA-6A07-4A67-A52F-1CD58EF86E1E}.Debug|x64.ActiveCfg = Debug|Any CPU
		{E09ACDDA-6A07-4A67-A52F-1CD58EF86E1E}.Debug|x64.Build.0 = Debug|Any CPU
		{E09ACDDA-6A07-4A67-A52F-1CD58EF86E1E}.Debug|x86.ActiveCfg = Debug|Any CPU
		{E09ACDDA-6A07-4A67-A52F-1CD58EF86E1E}.Debug|x86.Build.0 = Debug|Any CPU
		{E09ACDDA-6A07-4A67-A52F-1CD58EF86E1E}.Release|Any CPU.ActiveCfg = Release|Any CPU
		{E09ACDDA-6A07-4A67-A52F-1CD58EF86E1E}.Release|Any CPU.Build.0 = Release|Any CPU
		{E09ACDDA-6A07-4A67-A52F-1CD58EF86E1E}.Release|x64.ActiveCfg = Release|Any CPU
		{E09ACDDA-6A07-4A67-A52F-1CD58EF86E1E}.Release|x64.Build.0 = Release|Any CPU
		{E09ACDDA-6A07-4A67-A52F-1CD58EF86E1E}.Release|x86.ActiveCfg = Release|Any CPU
		{E09ACDDA-6A07-4A67-A52F-1CD58EF86E1E}.Release|x86.Build.0 = Release|Any CPU
		{0743AF50-CD56-471B-9057-459D7BF7EDFC}.Debug|Any CPU.ActiveCfg = Debug|Any CPU
		{0743AF50-CD56-471B-9057-459D7BF7EDFC}.Debug|Any CPU.Build.0 = Debug|Any CPU
		{0743AF50-CD56-471B-9057-459D7BF7EDFC}.Debug|x64.ActiveCfg = Debug|Any CPU
		{0743AF50-CD56-471B-9057-459D7BF7EDFC}.Debug|x64.Build.0 = Debug|Any CPU
		{0743AF50-CD56-471B-9057-459D7BF7EDFC}.Debug|x86.ActiveCfg = Debug|Any CPU
		{0743AF50-CD56-471B-9057-459D7BF7EDFC}.Debug|x86.Build.0 = Debug|Any CPU
		{0743AF50-CD56-471B-9057-459D7BF7EDFC}.Release|Any CPU.ActiveCfg = Release|Any CPU
		{0743AF50-CD56-471B-9057-459D7BF7EDFC}.Release|Any CPU.Build.0 = Release|Any CPU
		{0743AF50-CD56-471B-9057-459D7BF7EDFC}.Release|x64.ActiveCfg = Release|Any CPU
		{0743AF50-CD56-471B-9057-459D7BF7EDFC}.Release|x64.Build.0 = Release|Any CPU
		{0743AF50-CD56-471B-9057-459D7BF7EDFC}.Release|x86.ActiveCfg = Release|Any CPU
		{0743AF50-CD56-471B-9057-459D7BF7EDFC}.Release|x86.Build.0 = Release|Any CPU
		{3CC3494D-48FA-436C-8781-9E63FED6CB0C}.Debug|Any CPU.ActiveCfg = Debug|Any CPU
		{3CC3494D-48FA-436C-8781-9E63FED6CB0C}.Debug|Any CPU.Build.0 = Debug|Any CPU
		{3CC3494D-48FA-436C-8781-9E63FED6CB0C}.Debug|x64.ActiveCfg = Debug|Any CPU
		{3CC3494D-48FA-436C-8781-9E63FED6CB0C}.Debug|x64.Build.0 = Debug|Any CPU
		{3CC3494D-48FA-436C-8781-9E63FED6CB0C}.Debug|x86.ActiveCfg = Debug|Any CPU
		{3CC3494D-48FA-436C-8781-9E63FED6CB0C}.Debug|x86.Build.0 = Debug|Any CPU
		{3CC3494D-48FA-436C-8781-9E63FED6CB0C}.Release|Any CPU.ActiveCfg = Release|Any CPU
		{3CC3494D-48FA-436C-8781-9E63FED6CB0C}.Release|Any CPU.Build.0 = Release|Any CPU
		{3CC3494D-48FA-436C-8781-9E63FED6CB0C}.Release|x64.ActiveCfg = Release|Any CPU
		{3CC3494D-48FA-436C-8781-9E63FED6CB0C}.Release|x64.Build.0 = Release|Any CPU
		{3CC3494D-48FA-436C-8781-9E63FED6CB0C}.Release|x86.ActiveCfg = Release|Any CPU
		{3CC3494D-48FA-436C-8781-9E63FED6CB0C}.Release|x86.Build.0 = Release|Any CPU
		{7DB7911F-495B-4EEA-A15D-4CBDA60A68F9}.Debug|Any CPU.ActiveCfg = Debug|Any CPU
		{7DB7911F-495B-4EEA-A15D-4CBDA60A68F9}.Debug|Any CPU.Build.0 = Debug|Any CPU
		{7DB7911F-495B-4EEA-A15D-4CBDA60A68F9}.Debug|x64.ActiveCfg = Debug|Any CPU
		{7DB7911F-495B-4EEA-A15D-4CBDA60A68F9}.Debug|x64.Build.0 = Debug|Any CPU
		{7DB7911F-495B-4EEA-A15D-4CBDA60A68F9}.Debug|x86.ActiveCfg = Debug|Any CPU
		{7DB7911F-495B-4EEA-A15D-4CBDA60A68F9}.Debug|x86.Build.0 = Debug|Any CPU
		{7DB7911F-495B-4EEA-A15D-4CBDA60A68F9}.Release|Any CPU.ActiveCfg = Release|Any CPU
		{7DB7911F-495B-4EEA-A15D-4CBDA60A68F9}.Release|Any CPU.Build.0 = Release|Any CPU
		{7DB7911F-495B-4EEA-A15D-4CBDA60A68F9}.Release|x64.ActiveCfg = Release|Any CPU
		{7DB7911F-495B-4EEA-A15D-4CBDA60A68F9}.Release|x64.Build.0 = Release|Any CPU
		{7DB7911F-495B-4EEA-A15D-4CBDA60A68F9}.Release|x86.ActiveCfg = Release|Any CPU
		{7DB7911F-495B-4EEA-A15D-4CBDA60A68F9}.Release|x86.Build.0 = Release|Any CPU
		{8CA87D77-3D00-4D73-91FB-96196816F7A0}.Debug|Any CPU.ActiveCfg = Debug|Any CPU
		{8CA87D77-3D00-4D73-91FB-96196816F7A0}.Debug|Any CPU.Build.0 = Debug|Any CPU
		{8CA87D77-3D00-4D73-91FB-96196816F7A0}.Debug|x64.ActiveCfg = Debug|Any CPU
		{8CA87D77-3D00-4D73-91FB-96196816F7A0}.Debug|x64.Build.0 = Debug|Any CPU
		{8CA87D77-3D00-4D73-91FB-96196816F7A0}.Debug|x86.ActiveCfg = Debug|Any CPU
		{8CA87D77-3D00-4D73-91FB-96196816F7A0}.Debug|x86.Build.0 = Debug|Any CPU
		{8CA87D77-3D00-4D73-91FB-96196816F7A0}.Release|Any CPU.ActiveCfg = Release|Any CPU
		{8CA87D77-3D00-4D73-91FB-96196816F7A0}.Release|Any CPU.Build.0 = Release|Any CPU
		{8CA87D77-3D00-4D73-91FB-96196816F7A0}.Release|x64.ActiveCfg = Release|Any CPU
		{8CA87D77-3D00-4D73-91FB-96196816F7A0}.Release|x64.Build.0 = Release|Any CPU
		{8CA87D77-3D00-4D73-91FB-96196816F7A0}.Release|x86.ActiveCfg = Release|Any CPU
		{8CA87D77-3D00-4D73-91FB-96196816F7A0}.Release|x86.Build.0 = Release|Any CPU
		{1877FF62-65DB-471D-B7FC-E693A4E26C6C}.Debug|Any CPU.ActiveCfg = Debug|Any CPU
		{1877FF62-65DB-471D-B7FC-E693A4E26C6C}.Debug|Any CPU.Build.0 = Debug|Any CPU
		{1877FF62-65DB-471D-B7FC-E693A4E26C6C}.Debug|x64.ActiveCfg = Debug|Any CPU
		{1877FF62-65DB-471D-B7FC-E693A4E26C6C}.Debug|x64.Build.0 = Debug|Any CPU
		{1877FF62-65DB-471D-B7FC-E693A4E26C6C}.Debug|x86.ActiveCfg = Debug|Any CPU
		{1877FF62-65DB-471D-B7FC-E693A4E26C6C}.Debug|x86.Build.0 = Debug|Any CPU
		{1877FF62-65DB-471D-B7FC-E693A4E26C6C}.Release|Any CPU.ActiveCfg = Release|Any CPU
		{1877FF62-65DB-471D-B7FC-E693A4E26C6C}.Release|Any CPU.Build.0 = Release|Any CPU
		{1877FF62-65DB-471D-B7FC-E693A4E26C6C}.Release|x64.ActiveCfg = Release|Any CPU
		{1877FF62-65DB-471D-B7FC-E693A4E26C6C}.Release|x64.Build.0 = Release|Any CPU
		{1877FF62-65DB-471D-B7FC-E693A4E26C6C}.Release|x86.ActiveCfg = Release|Any CPU
		{1877FF62-65DB-471D-B7FC-E693A4E26C6C}.Release|x86.Build.0 = Release|Any CPU
		{CAECB974-D933-4E5A-A206-7AE80891D3A1}.Debug|Any CPU.ActiveCfg = Debug|Any CPU
		{CAECB974-D933-4E5A-A206-7AE80891D3A1}.Debug|Any CPU.Build.0 = Debug|Any CPU
		{CAECB974-D933-4E5A-A206-7AE80891D3A1}.Debug|x64.ActiveCfg = Debug|Any CPU
		{CAECB974-D933-4E5A-A206-7AE80891D3A1}.Debug|x64.Build.0 = Debug|Any CPU
		{CAECB974-D933-4E5A-A206-7AE80891D3A1}.Debug|x86.ActiveCfg = Debug|Any CPU
		{CAECB974-D933-4E5A-A206-7AE80891D3A1}.Debug|x86.Build.0 = Debug|Any CPU
		{CAECB974-D933-4E5A-A206-7AE80891D3A1}.Release|Any CPU.ActiveCfg = Release|Any CPU
		{CAECB974-D933-4E5A-A206-7AE80891D3A1}.Release|Any CPU.Build.0 = Release|Any CPU
		{CAECB974-D933-4E5A-A206-7AE80891D3A1}.Release|x64.ActiveCfg = Release|Any CPU
		{CAECB974-D933-4E5A-A206-7AE80891D3A1}.Release|x64.Build.0 = Release|Any CPU
		{CAECB974-D933-4E5A-A206-7AE80891D3A1}.Release|x86.ActiveCfg = Release|Any CPU
		{CAECB974-D933-4E5A-A206-7AE80891D3A1}.Release|x86.Build.0 = Release|Any CPU
		{FD05AB3E-CE85-4B08-AE04-0A9ACA6873A5}.Debug|Any CPU.ActiveCfg = Debug|Any CPU
		{FD05AB3E-CE85-4B08-AE04-0A9ACA6873A5}.Debug|Any CPU.Build.0 = Debug|Any CPU
		{FD05AB3E-CE85-4B08-AE04-0A9ACA6873A5}.Debug|x64.ActiveCfg = Debug|Any CPU
		{FD05AB3E-CE85-4B08-AE04-0A9ACA6873A5}.Debug|x64.Build.0 = Debug|Any CPU
		{FD05AB3E-CE85-4B08-AE04-0A9ACA6873A5}.Debug|x86.ActiveCfg = Debug|Any CPU
		{FD05AB3E-CE85-4B08-AE04-0A9ACA6873A5}.Debug|x86.Build.0 = Debug|Any CPU
		{FD05AB3E-CE85-4B08-AE04-0A9ACA6873A5}.Release|Any CPU.ActiveCfg = Release|Any CPU
		{FD05AB3E-CE85-4B08-AE04-0A9ACA6873A5}.Release|Any CPU.Build.0 = Release|Any CPU
		{FD05AB3E-CE85-4B08-AE04-0A9ACA6873A5}.Release|x64.ActiveCfg = Release|Any CPU
		{FD05AB3E-CE85-4B08-AE04-0A9ACA6873A5}.Release|x64.Build.0 = Release|Any CPU
		{FD05AB3E-CE85-4B08-AE04-0A9ACA6873A5}.Release|x86.ActiveCfg = Release|Any CPU
		{FD05AB3E-CE85-4B08-AE04-0A9ACA6873A5}.Release|x86.Build.0 = Release|Any CPU
		{60095534-5FE3-45DF-A6A9-68DB8F678459}.Debug|Any CPU.ActiveCfg = Debug|Any CPU
		{60095534-5FE3-45DF-A6A9-68DB8F678459}.Debug|Any CPU.Build.0 = Debug|Any CPU
		{60095534-5FE3-45DF-A6A9-68DB8F678459}.Debug|x64.ActiveCfg = Debug|Any CPU
		{60095534-5FE3-45DF-A6A9-68DB8F678459}.Debug|x64.Build.0 = Debug|Any CPU
		{60095534-5FE3-45DF-A6A9-68DB8F678459}.Debug|x86.ActiveCfg = Debug|Any CPU
		{60095534-5FE3-45DF-A6A9-68DB8F678459}.Debug|x86.Build.0 = Debug|Any CPU
		{60095534-5FE3-45DF-A6A9-68DB8F678459}.Release|Any CPU.ActiveCfg = Release|Any CPU
		{60095534-5FE3-45DF-A6A9-68DB8F678459}.Release|Any CPU.Build.0 = Release|Any CPU
		{60095534-5FE3-45DF-A6A9-68DB8F678459}.Release|x64.ActiveCfg = Release|Any CPU
		{60095534-5FE3-45DF-A6A9-68DB8F678459}.Release|x64.Build.0 = Release|Any CPU
		{60095534-5FE3-45DF-A6A9-68DB8F678459}.Release|x86.ActiveCfg = Release|Any CPU
		{60095534-5FE3-45DF-A6A9-68DB8F678459}.Release|x86.Build.0 = Release|Any CPU
	EndGlobalSection
	GlobalSection(SolutionProperties) = preSolution
		HideSolutionNode = FALSE
	EndGlobalSection
	GlobalSection(NestedProjects) = preSolution
		{0743AF50-CD56-471B-9057-459D7BF7EDFC} = {454613EC-C65A-4D15-A139-6F2A4FD7D1BF}
		{3CC3494D-48FA-436C-8781-9E63FED6CB0C} = {454613EC-C65A-4D15-A139-6F2A4FD7D1BF}
		{7DB7911F-495B-4EEA-A15D-4CBDA60A68F9} = {454613EC-C65A-4D15-A139-6F2A4FD7D1BF}
		{8CA87D77-3D00-4D73-91FB-96196816F7A0} = {06F40D81-8683-4BC3-A8DB-3FBCB6FAEC71}
		{1877FF62-65DB-471D-B7FC-E693A4E26C6C} = {06F40D81-8683-4BC3-A8DB-3FBCB6FAEC71}
		{CAECB974-D933-4E5A-A206-7AE80891D3A1} = {06F40D81-8683-4BC3-A8DB-3FBCB6FAEC71}
		{FD05AB3E-CE85-4B08-AE04-0A9ACA6873A5} = {715DA25A-085F-44E4-AA7D-D1E6B1E44681}
		{60095534-5FE3-45DF-A6A9-68DB8F678459} = {715DA25A-085F-44E4-AA7D-D1E6B1E44681}
	EndGlobalSection
	GlobalSection(ExtensibilityGlobals) = postSolution
		SolutionGuid = {35D513BB-3762-459D-9A23-268F6F8FE195}
	EndGlobalSection
EndGlobal
