
Microsoft Visual Studio Solution File, Format Version 12.00
# Visual Studio Version 16
VisualStudioVersion = 16.0.31019.35
MinimumVisualStudioVersion = 15.0.26124.0
Project("{9A19103F-16F7-4668-BE54-9A1E7A4F7556}") = "Beer.ControlCenter.BlazorApp", "Beer.ControlCenter.BlazorApp\Beer.ControlCenter.BlazorApp.csproj", "{D52A6A91-0EFD-42F6-B4C0-01A51156D5C5}"
EndProject
Project("{9A19103F-16F7-4668-BE54-9A1E7A4F7556}") = "Beer.ControlCenter.BlazorHost", "Beer.ControlCenter.BlazorHost\Beer.ControlCenter.BlazorHost.csproj", "{F16BCE54-A217-4E41-8DEE-F6792A3EAE6A}"
EndProject
Project("{9A19103F-16F7-4668-BE54-9A1E7A4F7556}") = "Beer.ControlCenter.BlazorApp.UnitTests", "Beer.ControlCenter.BlazorApp.UnitTests\Beer.ControlCenter.BlazorApp.UnitTests.csproj", "{81B170E4-0875-42B7-800F-19865A8F8C8C}"
EndProject
Project("{9A19103F-16F7-4668-BE54-9A1E7A4F7556}") = "Beer.OIDCOptionHelper", "..\..\Helper\Beer.OIDCOptionHelper\Beer.OIDCOptionHelper.csproj", "{A0768B1C-351E-4140-85A1-78CF35741DF7}"
EndProject
Project("{9A19103F-16F7-4668-BE54-9A1E7A4F7556}") = "Beer.WASM.Helper", "..\..\Helper\Beer.WASM.Helper\Beer.WASM.Helper.csproj", "{20DF55B1-63E8-48D6-A883-91258377AE84}"
EndProject
Project("{9A19103F-16F7-4668-BE54-9A1E7A4F7556}") = "Beer.Blazor.SharedComponents", "..\..\Helper\Beer.Blazor.SharedComponents\Beer.Blazor.SharedComponents.csproj", "{AE7D4021-E722-4192-834A-13906BCAB41D}"
EndProject
Global
	GlobalSection(SolutionConfigurationPlatforms) = preSolution
		Debug|Any CPU = Debug|Any CPU
		Debug|x64 = Debug|x64
		Debug|x86 = Debug|x86
		Release|Any CPU = Release|Any CPU
		Release|x64 = Release|x64
		Release|x86 = Release|x86
	EndGlobalSection
	GlobalSection(ProjectConfigurationPlatforms) = postSolution
		{D52A6A91-0EFD-42F6-B4C0-01A51156D5C5}.Debug|Any CPU.ActiveCfg = Debug|Any CPU
		{D52A6A91-0EFD-42F6-B4C0-01A51156D5C5}.Debug|Any CPU.Build.0 = Debug|Any CPU
		{D52A6A91-0EFD-42F6-B4C0-01A51156D5C5}.Debug|x64.ActiveCfg = Debug|Any CPU
		{D52A6A91-0EFD-42F6-B4C0-01A51156D5C5}.Debug|x64.Build.0 = Debug|Any CPU
		{D52A6A91-0EFD-42F6-B4C0-01A51156D5C5}.Debug|x86.ActiveCfg = Debug|Any CPU
		{D52A6A91-0EFD-42F6-B4C0-01A51156D5C5}.Debug|x86.Build.0 = Debug|Any CPU
		{D52A6A91-0EFD-42F6-B4C0-01A51156D5C5}.Release|Any CPU.ActiveCfg = Release|Any CPU
		{D52A6A91-0EFD-42F6-B4C0-01A51156D5C5}.Release|Any CPU.Build.0 = Release|Any CPU
		{D52A6A91-0EFD-42F6-B4C0-01A51156D5C5}.Release|x64.ActiveCfg = Release|Any CPU
		{D52A6A91-0EFD-42F6-B4C0-01A51156D5C5}.Release|x64.Build.0 = Release|Any CPU
		{D52A6A91-0EFD-42F6-B4C0-01A51156D5C5}.Release|x86.ActiveCfg = Release|Any CPU
		{D52A6A91-0EFD-42F6-B4C0-01A51156D5C5}.Release|x86.Build.0 = Release|Any CPU
		{F16BCE54-A217-4E41-8DEE-F6792A3EAE6A}.Debug|Any CPU.ActiveCfg = Debug|Any CPU
		{F16BCE54-A217-4E41-8DEE-F6792A3EAE6A}.Debug|Any CPU.Build.0 = Debug|Any CPU
		{F16BCE54-A217-4E41-8DEE-F6792A3EAE6A}.Debug|x64.ActiveCfg = Debug|Any CPU
		{F16BCE54-A217-4E41-8DEE-F6792A3EAE6A}.Debug|x64.Build.0 = Debug|Any CPU
		{F16BCE54-A217-4E41-8DEE-F6792A3EAE6A}.Debug|x86.ActiveCfg = Debug|Any CPU
		{F16BCE54-A217-4E41-8DEE-F6792A3EAE6A}.Debug|x86.Build.0 = Debug|Any CPU
		{F16BCE54-A217-4E41-8DEE-F6792A3EAE6A}.Release|Any CPU.ActiveCfg = Release|Any CPU
		{F16BCE54-A217-4E41-8DEE-F6792A3EAE6A}.Release|Any CPU.Build.0 = Release|Any CPU
		{F16BCE54-A217-4E41-8DEE-F6792A3EAE6A}.Release|x64.ActiveCfg = Release|Any CPU
		{F16BCE54-A217-4E41-8DEE-F6792A3EAE6A}.Release|x64.Build.0 = Release|Any CPU
		{F16BCE54-A217-4E41-8DEE-F6792A3EAE6A}.Release|x86.ActiveCfg = Release|Any CPU
		{F16BCE54-A217-4E41-8DEE-F6792A3EAE6A}.Release|x86.Build.0 = Release|Any CPU
		{81B170E4-0875-42B7-800F-19865A8F8C8C}.Debug|Any CPU.ActiveCfg = Debug|Any CPU
		{81B170E4-0875-42B7-800F-19865A8F8C8C}.Debug|Any CPU.Build.0 = Debug|Any CPU
		{81B170E4-0875-42B7-800F-19865A8F8C8C}.Debug|x64.ActiveCfg = Debug|Any CPU
		{81B170E4-0875-42B7-800F-19865A8F8C8C}.Debug|x64.Build.0 = Debug|Any CPU
		{81B170E4-0875-42B7-800F-19865A8F8C8C}.Debug|x86.ActiveCfg = Debug|Any CPU
		{81B170E4-0875-42B7-800F-19865A8F8C8C}.Debug|x86.Build.0 = Debug|Any CPU
		{81B170E4-0875-42B7-800F-19865A8F8C8C}.Release|Any CPU.ActiveCfg = Release|Any CPU
		{81B170E4-0875-42B7-800F-19865A8F8C8C}.Release|Any CPU.Build.0 = Release|Any CPU
		{81B170E4-0875-42B7-800F-19865A8F8C8C}.Release|x64.ActiveCfg = Release|Any CPU
		{81B170E4-0875-42B7-800F-19865A8F8C8C}.Release|x64.Build.0 = Release|Any CPU
		{81B170E4-0875-42B7-800F-19865A8F8C8C}.Release|x86.ActiveCfg = Release|Any CPU
		{81B170E4-0875-42B7-800F-19865A8F8C8C}.Release|x86.Build.0 = Release|Any CPU
		{A0768B1C-351E-4140-85A1-78CF35741DF7}.Debug|Any CPU.ActiveCfg = Debug|Any CPU
		{A0768B1C-351E-4140-85A1-78CF35741DF7}.Debug|Any CPU.Build.0 = Debug|Any CPU
		{A0768B1C-351E-4140-85A1-78CF35741DF7}.Debug|x64.ActiveCfg = Debug|Any CPU
		{A0768B1C-351E-4140-85A1-78CF35741DF7}.Debug|x64.Build.0 = Debug|Any CPU
		{A0768B1C-351E-4140-85A1-78CF35741DF7}.Debug|x86.ActiveCfg = Debug|Any CPU
		{A0768B1C-351E-4140-85A1-78CF35741DF7}.Debug|x86.Build.0 = Debug|Any CPU
		{A0768B1C-351E-4140-85A1-78CF35741DF7}.Release|Any CPU.ActiveCfg = Release|Any CPU
		{A0768B1C-351E-4140-85A1-78CF35741DF7}.Release|Any CPU.Build.0 = Release|Any CPU
		{A0768B1C-351E-4140-85A1-78CF35741DF7}.Release|x64.ActiveCfg = Release|Any CPU
		{A0768B1C-351E-4140-85A1-78CF35741DF7}.Release|x64.Build.0 = Release|Any CPU
		{A0768B1C-351E-4140-85A1-78CF35741DF7}.Release|x86.ActiveCfg = Release|Any CPU
		{A0768B1C-351E-4140-85A1-78CF35741DF7}.Release|x86.Build.0 = Release|Any CPU
		{20DF55B1-63E8-48D6-A883-91258377AE84}.Debug|Any CPU.ActiveCfg = Debug|Any CPU
		{20DF55B1-63E8-48D6-A883-91258377AE84}.Debug|Any CPU.Build.0 = Debug|Any CPU
		{20DF55B1-63E8-48D6-A883-91258377AE84}.Debug|x64.ActiveCfg = Debug|Any CPU
		{20DF55B1-63E8-48D6-A883-91258377AE84}.Debug|x64.Build.0 = Debug|Any CPU
		{20DF55B1-63E8-48D6-A883-91258377AE84}.Debug|x86.ActiveCfg = Debug|Any CPU
		{20DF55B1-63E8-48D6-A883-91258377AE84}.Debug|x86.Build.0 = Debug|Any CPU
		{20DF55B1-63E8-48D6-A883-91258377AE84}.Release|Any CPU.ActiveCfg = Release|Any CPU
		{20DF55B1-63E8-48D6-A883-91258377AE84}.Release|Any CPU.Build.0 = Release|Any CPU
		{20DF55B1-63E8-48D6-A883-91258377AE84}.Release|x64.ActiveCfg = Release|Any CPU
		{20DF55B1-63E8-48D6-A883-91258377AE84}.Release|x64.Build.0 = Release|Any CPU
		{20DF55B1-63E8-48D6-A883-91258377AE84}.Release|x86.ActiveCfg = Release|Any CPU
		{20DF55B1-63E8-48D6-A883-91258377AE84}.Release|x86.Build.0 = Release|Any CPU
		{AE7D4021-E722-4192-834A-13906BCAB41D}.Debug|Any CPU.ActiveCfg = Debug|Any CPU
		{AE7D4021-E722-4192-834A-13906BCAB41D}.Debug|Any CPU.Build.0 = Debug|Any CPU
		{AE7D4021-E722-4192-834A-13906BCAB41D}.Debug|x64.ActiveCfg = Debug|Any CPU
		{AE7D4021-E722-4192-834A-13906BCAB41D}.Debug|x64.Build.0 = Debug|Any CPU
		{AE7D4021-E722-4192-834A-13906BCAB41D}.Debug|x86.ActiveCfg = Debug|Any CPU
		{AE7D4021-E722-4192-834A-13906BCAB41D}.Debug|x86.Build.0 = Debug|Any CPU
		{AE7D4021-E722-4192-834A-13906BCAB41D}.Release|Any CPU.ActiveCfg = Release|Any CPU
		{AE7D4021-E722-4192-834A-13906BCAB41D}.Release|Any CPU.Build.0 = Release|Any CPU
		{AE7D4021-E722-4192-834A-13906BCAB41D}.Release|x64.ActiveCfg = Release|Any CPU
		{AE7D4021-E722-4192-834A-13906BCAB41D}.Release|x64.Build.0 = Release|Any CPU
		{AE7D4021-E722-4192-834A-13906BCAB41D}.Release|x86.ActiveCfg = Release|Any CPU
		{AE7D4021-E722-4192-834A-13906BCAB41D}.Release|x86.Build.0 = Release|Any CPU
	EndGlobalSection
	GlobalSection(SolutionProperties) = preSolution
		HideSolutionNode = FALSE
	EndGlobalSection
	GlobalSection(ExtensibilityGlobals) = postSolution
		SolutionGuid = {DF421B4A-B843-4053-B8AC-CD2F6C1FABEB}
	EndGlobalSection
EndGlobal
