
Microsoft Visual Studio Solution File, Format Version 12.00
# Visual Studio Version 16
VisualStudioVersion = 16.0.31112.23
MinimumVisualStudioVersion = 15.0.26124.0
Project("{9A19103F-16F7-4668-BE54-9A1E7A4F7556}") = "Beer.ControlCenter.Service.IntegrationTests", "Beer.ControlCenter.Service.IntegrationTests\Beer.ControlCenter.Service.IntegrationTests.csproj", "{45037524-D1E2-42D1-A5DB-749FF3674FA7}"
EndProject
Project("{9A19103F-16F7-4668-BE54-9A1E7A4F7556}") = "Beer.ControlCenter.Service.UnitTests", "Beer.ControlCenter.Service.UnitTests\Beer.ControlCenter.Service.UnitTests.csproj", "{6CF6E020-A561-4BD2-86AE-61D619E9C456}"
EndProject
Project("{9A19103F-16F7-4668-BE54-9A1E7A4F7556}") = "Beer.ControlCenter.Service.API", "Beer.ControlCenter.Service.API\Beer.ControlCenter.Service.API.csproj", "{37CDE211-FA99-4960-8BDA-8099D49ABA2E}"
EndProject
Project("{9A19103F-16F7-4668-BE54-9A1E7A4F7556}") = "Beer.Helper.API", "..\..\Helper\Beer.Helper.API\Beer.Helper.API.csproj", "{B3B93ECE-943A-4177-BEF7-6DC2D521F087}"
EndProject
Project("{9A19103F-16F7-4668-BE54-9A1E7A4F7556}") = "Beer.TestHelper", "..\..\Helper\Beer.TestHelper\Beer.TestHelper.csproj", "{55AF144E-6FF2-4DDC-9759-062823E086E3}"
EndProject
Project("{2150E333-8FDC-42A3-9474-1A3956D46DE8}") = "Utility", "Utility", "{56BC0880-6FC2-4DB9-8716-E314B8AE9943}"
EndProject
Global
	GlobalSection(SolutionConfigurationPlatforms) = preSolution
		Debug|Any CPU = Debug|Any CPU
		Debug|x64 = Debug|x64
		Debug|x86 = Debug|x86
		Release|Any CPU = Release|Any CPU
		Release|x64 = Release|x64
		Release|x86 = Release|x86
	EndGlobalSection
	GlobalSection(ProjectConfigurationPlatforms) = postSolution
		{45037524-D1E2-42D1-A5DB-749FF3674FA7}.Debug|Any CPU.ActiveCfg = Debug|Any CPU
		{45037524-D1E2-42D1-A5DB-749FF3674FA7}.Debug|Any CPU.Build.0 = Debug|Any CPU
		{45037524-D1E2-42D1-A5DB-749FF3674FA7}.Debug|x64.ActiveCfg = Debug|Any CPU
		{45037524-D1E2-42D1-A5DB-749FF3674FA7}.Debug|x64.Build.0 = Debug|Any CPU
		{45037524-D1E2-42D1-A5DB-749FF3674FA7}.Debug|x86.ActiveCfg = Debug|Any CPU
		{45037524-D1E2-42D1-A5DB-749FF3674FA7}.Debug|x86.Build.0 = Debug|Any CPU
		{45037524-D1E2-42D1-A5DB-749FF3674FA7}.Release|Any CPU.ActiveCfg = Release|Any CPU
		{45037524-D1E2-42D1-A5DB-749FF3674FA7}.Release|Any CPU.Build.0 = Release|Any CPU
		{45037524-D1E2-42D1-A5DB-749FF3674FA7}.Release|x64.ActiveCfg = Release|Any CPU
		{45037524-D1E2-42D1-A5DB-749FF3674FA7}.Release|x64.Build.0 = Release|Any CPU
		{45037524-D1E2-42D1-A5DB-749FF3674FA7}.Release|x86.ActiveCfg = Release|Any CPU
		{45037524-D1E2-42D1-A5DB-749FF3674FA7}.Release|x86.Build.0 = Release|Any CPU
		{6CF6E020-A561-4BD2-86AE-61D619E9C456}.Debug|Any CPU.ActiveCfg = Debug|Any CPU
		{6CF6E020-A561-4BD2-86AE-61D619E9C456}.Debug|Any CPU.Build.0 = Debug|Any CPU
		{6CF6E020-A561-4BD2-86AE-61D619E9C456}.Debug|x64.ActiveCfg = Debug|Any CPU
		{6CF6E020-A561-4BD2-86AE-61D619E9C456}.Debug|x64.Build.0 = Debug|Any CPU
		{6CF6E020-A561-4BD2-86AE-61D619E9C456}.Debug|x86.ActiveCfg = Debug|Any CPU
		{6CF6E020-A561-4BD2-86AE-61D619E9C456}.Debug|x86.Build.0 = Debug|Any CPU
		{6CF6E020-A561-4BD2-86AE-61D619E9C456}.Release|Any CPU.ActiveCfg = Release|Any CPU
		{6CF6E020-A561-4BD2-86AE-61D619E9C456}.Release|Any CPU.Build.0 = Release|Any CPU
		{6CF6E020-A561-4BD2-86AE-61D619E9C456}.Release|x64.ActiveCfg = Release|Any CPU
		{6CF6E020-A561-4BD2-86AE-61D619E9C456}.Release|x64.Build.0 = Release|Any CPU
		{6CF6E020-A561-4BD2-86AE-61D619E9C456}.Release|x86.ActiveCfg = Release|Any CPU
		{6CF6E020-A561-4BD2-86AE-61D619E9C456}.Release|x86.Build.0 = Release|Any CPU
		{37CDE211-FA99-4960-8BDA-8099D49ABA2E}.Debug|Any CPU.ActiveCfg = Debug|Any CPU
		{37CDE211-FA99-4960-8BDA-8099D49ABA2E}.Debug|Any CPU.Build.0 = Debug|Any CPU
		{37CDE211-FA99-4960-8BDA-8099D49ABA2E}.Debug|x64.ActiveCfg = Debug|Any CPU
		{37CDE211-FA99-4960-8BDA-8099D49ABA2E}.Debug|x64.Build.0 = Debug|Any CPU
		{37CDE211-FA99-4960-8BDA-8099D49ABA2E}.Debug|x86.ActiveCfg = Debug|Any CPU
		{37CDE211-FA99-4960-8BDA-8099D49ABA2E}.Debug|x86.Build.0 = Debug|Any CPU
		{37CDE211-FA99-4960-8BDA-8099D49ABA2E}.Release|Any CPU.ActiveCfg = Release|Any CPU
		{37CDE211-FA99-4960-8BDA-8099D49ABA2E}.Release|Any CPU.Build.0 = Release|Any CPU
		{37CDE211-FA99-4960-8BDA-8099D49ABA2E}.Release|x64.ActiveCfg = Release|Any CPU
		{37CDE211-FA99-4960-8BDA-8099D49ABA2E}.Release|x64.Build.0 = Release|Any CPU
		{37CDE211-FA99-4960-8BDA-8099D49ABA2E}.Release|x86.ActiveCfg = Release|Any CPU
		{37CDE211-FA99-4960-8BDA-8099D49ABA2E}.Release|x86.Build.0 = Release|Any CPU
		{B3B93ECE-943A-4177-BEF7-6DC2D521F087}.Debug|Any CPU.ActiveCfg = Debug|Any CPU
		{B3B93ECE-943A-4177-BEF7-6DC2D521F087}.Debug|Any CPU.Build.0 = Debug|Any CPU
		{B3B93ECE-943A-4177-BEF7-6DC2D521F087}.Debug|x64.ActiveCfg = Debug|Any CPU
		{B3B93ECE-943A-4177-BEF7-6DC2D521F087}.Debug|x64.Build.0 = Debug|Any CPU
		{B3B93ECE-943A-4177-BEF7-6DC2D521F087}.Debug|x86.ActiveCfg = Debug|Any CPU
		{B3B93ECE-943A-4177-BEF7-6DC2D521F087}.Debug|x86.Build.0 = Debug|Any CPU
		{B3B93ECE-943A-4177-BEF7-6DC2D521F087}.Release|Any CPU.ActiveCfg = Release|Any CPU
		{B3B93ECE-943A-4177-BEF7-6DC2D521F087}.Release|Any CPU.Build.0 = Release|Any CPU
		{B3B93ECE-943A-4177-BEF7-6DC2D521F087}.Release|x64.ActiveCfg = Release|Any CPU
		{B3B93ECE-943A-4177-BEF7-6DC2D521F087}.Release|x64.Build.0 = Release|Any CPU
		{B3B93ECE-943A-4177-BEF7-6DC2D521F087}.Release|x86.ActiveCfg = Release|Any CPU
		{B3B93ECE-943A-4177-BEF7-6DC2D521F087}.Release|x86.Build.0 = Release|Any CPU
		{55AF144E-6FF2-4DDC-9759-062823E086E3}.Debug|Any CPU.ActiveCfg = Debug|Any CPU
		{55AF144E-6FF2-4DDC-9759-062823E086E3}.Debug|Any CPU.Build.0 = Debug|Any CPU
		{55AF144E-6FF2-4DDC-9759-062823E086E3}.Debug|x64.ActiveCfg = Debug|Any CPU
		{55AF144E-6FF2-4DDC-9759-062823E086E3}.Debug|x64.Build.0 = Debug|Any CPU
		{55AF144E-6FF2-4DDC-9759-062823E086E3}.Debug|x86.ActiveCfg = Debug|Any CPU
		{55AF144E-6FF2-4DDC-9759-062823E086E3}.Debug|x86.Build.0 = Debug|Any CPU
		{55AF144E-6FF2-4DDC-9759-062823E086E3}.Release|Any CPU.ActiveCfg = Release|Any CPU
		{55AF144E-6FF2-4DDC-9759-062823E086E3}.Release|Any CPU.Build.0 = Release|Any CPU
		{55AF144E-6FF2-4DDC-9759-062823E086E3}.Release|x64.ActiveCfg = Release|Any CPU
		{55AF144E-6FF2-4DDC-9759-062823E086E3}.Release|x64.Build.0 = Release|Any CPU
		{55AF144E-6FF2-4DDC-9759-062823E086E3}.Release|x86.ActiveCfg = Release|Any CPU
		{55AF144E-6FF2-4DDC-9759-062823E086E3}.Release|x86.Build.0 = Release|Any CPU
	EndGlobalSection
	GlobalSection(SolutionProperties) = preSolution
		HideSolutionNode = FALSE
	EndGlobalSection
	GlobalSection(NestedProjects) = preSolution
		{B3B93ECE-943A-4177-BEF7-6DC2D521F087} = {56BC0880-6FC2-4DB9-8716-E314B8AE9943}
		{55AF144E-6FF2-4DDC-9759-062823E086E3} = {56BC0880-6FC2-4DB9-8716-E314B8AE9943}
	EndGlobalSection
	GlobalSection(ExtensibilityGlobals) = postSolution
		SolutionGuid = {36D91D9C-CA24-4320-9FB6-A7A5D6CF9AEF}
	EndGlobalSection
EndGlobal
